// !$*UTF8*$!
{
	archiveVersion = 1;
	classes = {
	};
	objectVersion = 46;
	objects = {

/* Begin PBXBuildFile section */
		A655B5781F01FB120017C730 /* AppDelegate.swift in Sources */ = {isa = PBXBuildFile; fileRef = A655B5771F01FB120017C730 /* AppDelegate.swift */; };
		A655B57A1F01FB120017C730 /* ViewController.swift in Sources */ = {isa = PBXBuildFile; fileRef = A655B5791F01FB120017C730 /* ViewController.swift */; };
		A655B57D1F01FB120017C730 /* Main.storyboard in Resources */ = {isa = PBXBuildFile; fileRef = A655B57B1F01FB120017C730 /* Main.storyboard */; };
		A655B57F1F01FB120017C730 /* Assets.xcassets in Resources */ = {isa = PBXBuildFile; fileRef = A655B57E1F01FB120017C730 /* Assets.xcassets */; };
		A655B5821F01FB120017C730 /* LaunchScreen.storyboard in Resources */ = {isa = PBXBuildFile; fileRef = A655B5801F01FB120017C730 /* LaunchScreen.storyboard */; };
		A655B58A1F01FB7C0017C730 /* FishView.swift in Sources */ = {isa = PBXBuildFile; fileRef = A655B5891F01FB7C0017C730 /* FishView.swift */; };
		A655B58C1F01FB990017C730 /* HookerView.swift in Sources */ = {isa = PBXBuildFile; fileRef = A655B58B1F01FB990017C730 /* HookerView.swift */; };
		A655B58E1F01FBAC0017C730 /* GameManager.swift in Sources */ = {isa = PBXBuildFile; fileRef = A655B58D1F01FBAC0017C730 /* GameManager.swift */; };
		A655B5901F0211590017C730 /* fish1.png in Resources */ = {isa = PBXBuildFile; fileRef = A655B58F1F0211590017C730 /* fish1.png */; };
		A655B5931F02117A0017C730 /* hook.png in Resources */ = {isa = PBXBuildFile; fileRef = A655B5911F02117A0017C730 /* hook.png */; };
		A655B5941F02117A0017C730 /* ocean.png in Resources */ = {isa = PBXBuildFile; fileRef = A655B5921F02117A0017C730 /* ocean.png */; };
/* End PBXBuildFile section */

/* Begin PBXFileReference section */
		A655B5741F01FB120017C730 /* GameFish.app */ = {isa = PBXFileReference; explicitFileType = wrapper.application; includeInIndex = 0; path = GameFish.app; sourceTree = BUILT_PRODUCTS_DIR; };
		A655B5771F01FB120017C730 /* AppDelegate.swift */ = {isa = PBXFileReference; lastKnownFileType = sourcecode.swift; path = AppDelegate.swift; sourceTree = "<group>"; };
		A655B5791F01FB120017C730 /* ViewController.swift */ = {isa = PBXFileReference; lastKnownFileType = sourcecode.swift; path = ViewController.swift; sourceTree = "<group>"; };
		A655B57C1F01FB120017C730 /* Base */ = {isa = PBXFileReference; lastKnownFileType = file.storyboard; name = Base; path = Base.lproj/Main.storyboard; sourceTree = "<group>"; };
		A655B57E1F01FB120017C730 /* Assets.xcassets */ = {isa = PBXFileReference; lastKnownFileType = folder.assetcatalog; path = Assets.xcassets; sourceTree = "<group>"; };
		A655B5811F01FB120017C730 /* Base */ = {isa = PBXFileReference; lastKnownFileType = file.storyboard; name = Base; path = Base.lproj/LaunchScreen.storyboard; sourceTree = "<group>"; };
		A655B5831F01FB120017C730 /* Info.plist */ = {isa = PBXFileReference; lastKnownFileType = text.plist.xml; path = Info.plist; sourceTree = "<group>"; };
		A655B5891F01FB7C0017C730 /* FishView.swift */ = {isa = PBXFileReference; fileEncoding = 4; lastKnownFileType = sourcecode.swift; path = FishView.swift; sourceTree = "<group>"; };
		A655B58B1F01FB990017C730 /* HookerView.swift */ = {isa = PBXFileReference; fileEncoding = 4; lastKnownFileType = sourcecode.swift; path = HookerView.swift; sourceTree = "<group>"; };
		A655B58D1F01FBAC0017C730 /* GameManager.swift */ = {isa = PBXFileReference; fileEncoding = 4; lastKnownFileType = sourcecode.swift; path = GameManager.swift; sourceTree = "<group>"; };
		A655B58F1F0211590017C730 /* fish1.png */ = {isa = PBXFileReference; lastKnownFileType = image.png; path = fish1.png; sourceTree = "<group>"; };
		A655B5911F02117A0017C730 /* hook.png */ = {isa = PBXFileReference; lastKnownFileType = image.png; path = hook.png; sourceTree = "<group>"; };
		A655B5921F02117A0017C730 /* ocean.png */ = {isa = PBXFileReference; lastKnownFileType = image.png; path = ocean.png; sourceTree = "<group>"; };
/* End PBXFileReference section */

/* Begin PBXFrameworksBuildPhase section */
		A655B5711F01FB120017C730 /* Frameworks */ = {
			isa = PBXFrameworksBuildPhase;
			buildActionMask = 2147483647;
			files = (
			);
			runOnlyForDeploymentPostprocessing = 0;
		};
/* End PBXFrameworksBuildPhase section */

/* Begin PBXGroup section */
		A655B56B1F01FB120017C730 = {
			isa = PBXGroup;
			children = (
				A655B5761F01FB120017C730 /* GameFish */,
				A655B5751F01FB120017C730 /* Products */,
			);
			sourceTree = "<group>";
		};
		A655B5751F01FB120017C730 /* Products */ = {
			isa = PBXGroup;
			children = (
				A655B5741F01FB120017C730 /* GameFish.app */,
			);
			name = Products;
			sourceTree = "<group>";
		};
		A655B5761F01FB120017C730 /* GameFish */ = {
			isa = PBXGroup;
			children = (
				A655B5911F02117A0017C730 /* hook.png */,
				A655B5921F02117A0017C730 /* ocean.png */,
				A655B58F1F0211590017C730 /* fish1.png */,
				A655B5771F01FB120017C730 /* AppDelegate.swift */,
				A655B5791F01FB120017C730 /* ViewController.swift */,
				A655B57B1F01FB120017C730 /* Main.storyboard */,
				A655B57E1F01FB120017C730 /* Assets.xcassets */,
				A655B5801F01FB120017C730 /* LaunchScreen.storyboard */,
				A655B5831F01FB120017C730 /* Info.plist */,
				A655B5891F01FB7C0017C730 /* FishView.swift */,
				A655B58B1F01FB990017C730 /* HookerView.swift */,
				A655B58D1F01FBAC0017C730 /* GameManager.swift */,
			);
			path = GameFish;
			sourceTree = "<group>";
		};
/* End PBXGroup section */

/* Begin PBXNativeTarget section */
		A655B5731F01FB120017C730 /* GameFish */ = {
			isa = PBXNativeTarget;
			buildConfigurationList = A655B5861F01FB120017C730 /* Build configuration list for PBXNativeTarget "GameFish" */;
			buildPhases = (
				A655B5701F01FB120017C730 /* Sources */,
				A655B5711F01FB120017C730 /* Frameworks */,
				A655B5721F01FB120017C730 /* Resources */,
			);
			buildRules = (
			);
			dependencies = (
			);
			name = GameFish;
			productName = GameFish;
			productReference = A655B5741F01FB120017C730 /* GameFish.app */;
			productType = "com.apple.product-type.application";
		};
/* End PBXNativeTarget section */

/* Begin PBXProject section */
		A655B56C1F01FB120017C730 /* Project object */ = {
			isa = PBXProject;
			attributes = {
				LastSwiftUpdateCheck = 0820;
				LastUpgradeCheck = 0820;
				ORGANIZATIONNAME = Tung;
				TargetAttributes = {
					A655B5731F01FB120017C730 = {
						CreatedOnToolsVersion = 8.2.1;
						ProvisioningStyle = Automatic;
					};
				};
			};
			buildConfigurationList = A655B56F1F01FB120017C730 /* Build configuration list for PBXProject "GameFish" */;
			compatibilityVersion = "Xcode 3.2";
			developmentRegion = English;
			hasScannedForEncodings = 0;
			knownRegions = (
				en,
				Base,
			);
			mainGroup = A655B56B1F01FB120017C730;
			productRefGroup = A655B5751F01FB120017C730 /* Products */;
			projectDirPath = "";
			projectRoot = "";
			targets = (
				A655B5731F01FB120017C730 /* GameFish */,
			);
		};
/* End PBXProject section */

/* Begin PBXResourcesBuildPhase section */
		A655B5721F01FB120017C730 /* Resources */ = {
			isa = PBXResourcesBuildPhase;
			buildActionMask = 2147483647;
			files = (
				A655B5821F01FB120017C730 /* LaunchScreen.storyboard in Resources */,
				A655B5931F02117A0017C730 /* hook.png in Resources */,
				A655B57F1F01FB120017C730 /* Assets.xcassets in Resources */,
				A655B57D1F01FB120017C730 /* Main.storyboard in Resources */,
				A655B5941F02117A0017C730 /* ocean.png in Resources */,
				A655B5901F0211590017C730 /* fish1.png in Resources */,
			);
			runOnlyForDeploymentPostprocessing = 0;
		};
/* End PBXResourcesBuildPhase section */

/* Begin PBXSourcesBuildPhase section */
		A655B5701F01FB120017C730 /* Sources */ = {
			isa = PBXSourcesBuildPhase;
			buildActionMask = 2147483647;
			files = (
				A655B57A1F01FB120017C730 /* ViewController.swift in Sources */,
				A655B5781F01FB120017C730 /* AppDelegate.swift in Sources */,
				A655B58C1F01FB990017C730 /* HookerView.swift in Sources */,
				A655B58A1F01FB7C0017C730 /* FishView.swift in Sources */,
				A655B58E1F01FBAC0017C730 /* GameManager.swift in Sources */,
			);
			runOnlyForDeploymentPostprocessing = 0;
		};
/* End PBXSourcesBuildPhase section */

/* Begin PBXVariantGroup section */
		A655B57B1F01FB120017C730 /* Main.storyboard */ = {
			isa = PBXVariantGroup;
			children = (
				A655B57C1F01FB120017C730 /* Base */,
			);
			name = Main.storyboard;
			sourceTree = "<group>";
		};
		A655B5801F01FB120017C730 /* LaunchScreen.storyboard */ = {
			isa = PBXVariantGroup;
			children = (
				A655B5811F01FB120017C730 /* Base */,
			);
			name = LaunchScreen.storyboard;
			sourceTree = "<group>";
		};
/* End PBXVariantGroup section */

/* Begin XCBuildConfiguration section */
		A655B5841F01FB120017C730 /* Debug */ = {
			isa = XCBuildConfiguration;
			buildSettings = {
				ALWAYS_SEARCH_USER_PATHS = NO;
				CLANG_ANALYZER_NONNULL = YES;
				CLANG_CXX_LANGUAGE_STANDARD = "gnu++0x";
				CLANG_CXX_LIBRARY = "libc++";
				CLANG_ENABLE_MODULES = YES;
				CLANG_ENABLE_OBJC_ARC = YES;
				CLANG_WARN_BOOL_CONVERSION = YES;
				CLANG_WARN_CONSTANT_CONVERSION = YES;
				CLANG_WARN_DIRECT_OBJC_ISA_USAGE = YES_ERROR;
				CLANG_WARN_DOCUMENTATION_COMMENTS = YES;
				CLANG_WARN_EMPTY_BODY = YES;
				CLANG_WARN_ENUM_CONVERSION = YES;
				CLANG_WARN_INFINITE_RECURSION = YES;
				CLANG_WARN_INT_CONVERSION = YES;
				CLANG_WARN_OBJC_ROOT_CLASS = YES_ERROR;
				CLANG_WARN_SUSPICIOUS_MOVE = YES;
				CLANG_WARN_UNREACHABLE_CODE = YES;
				CLANG_WARN__DUPLICATE_METHOD_MATCH = YES;
				"CODE_SIGN_IDENTITY[sdk=iphoneos*]" = "iPhone Developer";
				COPY_PHASE_STRIP = NO;
				DEBUG_INFORMATION_FORMAT = dwarf;
				ENABLE_STRICT_OBJC_MSGSEND = YES;
				ENABLE_TESTABILITY = YES;
				GCC_C_LANGUAGE_STANDARD = gnu99;
				GCC_DYNAMIC_NO_PIC = NO;
				GCC_NO_COMMON_BLOCKS = YES;
				GCC_OPTIMIZATION_LEVEL = 0;
				GCC_PREPROCESSOR_DEFINITIONS = (
					"DEBUG=1",
					"$(inherited)",
				);
				GCC_WARN_64_TO_32_BIT_CONVERSION = YES;
				GCC_WARN_ABOUT_RETURN_TYPE = YES_ERROR;
				GCC_WARN_UNDECLARED_SELECTOR = YES;
				GCC_WARN_UNINITIALIZED_AUTOS = YES_AGGRESSIVE;
				GCC_WARN_UNUSED_FUNCTION = YES;
				GCC_WARN_UNUSED_VARIABLE = YES;
				IPHONEOS_DEPLOYMENT_TARGET = 10.2;
				MTL_ENABLE_DEBUG_INFO = YES;
				ONLY_ACTIVE_ARCH = YES;
				SDKROOT = iphoneos;
				SWIFT_ACTIVE_COMPILATION_CONDITIONS = DEBUG;
				SWIFT_OPTIMIZATION_LEVEL = "-Onone";
				TARGETED_DEVICE_FAMILY = "1,2";
			};
			name = Debug;
		};
		A655B5851F01FB120017C730 /* Release */ = {
			isa = XCBuildConfiguration;
			buildSettings = {
				ALWAYS_SEARCH_USER_PATHS = NO;
				CLANG_ANALYZER_NONNULL = YES;
				CLANG_CXX_LANGUAGE_STANDARD = "gnu++0x";
				CLANG_CXX_LIBRARY = "libc++";
				CLANG_ENABLE_MODULES = YES;
				CLANG_ENABLE_OBJC_ARC = YES;
				CLANG_WARN_BOOL_CONVERSION = YES;
				CLANG_WARN_CONSTANT_CONVERSION = YES;
				CLANG_WARN_DIRECT_OBJC_ISA_USAGE = YES_ERROR;
				CLANG_WARN_DOCUMENTATION_COMMENTS = YES;
				CLANG_WARN_EMPTY_BODY = YES;
				CLANG_WARN_ENUM_CONVERSION = YES;
				CLANG_WARN_INFINITE_RECURSION = YES;
				CLANG_WARN_INT_CONVERSION = YES;
				CLANG_WARN_OBJC_ROOT_CLASS = YES_ERROR;
				CLANG_WARN_SUSPICIOUS_MOVE = YES;
				CLANG_WARN_UNREACHABLE_CODE = YES;
				CLANG_WARN__DUPLICATE_METHOD_MATCH = YES;
				"CODE_SIGN_IDENTITY[sdk=iphoneos*]" = "iPhone Developer";
				COPY_PHASE_STRIP = NO;
				DEBUG_INFORMATION_FORMAT = "dwarf-with-dsym";
				ENABLE_NS_ASSERTIONS = NO;
				ENABLE_STRICT_OBJC_MSGSEND = YES;
				GCC_C_LANGUAGE_STANDARD = gnu99;
				GCC_NO_COMMON_BLOCKS = YES;
				GCC_WARN_64_TO_32_BIT_CONVERSION = YES;
				GCC_WARN_ABOUT_RETURN_TYPE = YES_ERROR;
				GCC_WARN_UNDECLARED_SELECTOR = YES;
				GCC_WARN_UNINITIALIZED_AUTOS = YES_AGGRESSIVE;
				GCC_WARN_UNUSED_FUNCTION = YES;
				GCC_WARN_UNUSED_VARIABLE = YES;
				IPHONEOS_DEPLOYMENT_TARGET = 10.2;
				MTL_ENABLE_DEBUG_INFO = NO;
				SDKROOT = iphoneos;
				SWIFT_OPTIMIZATION_LEVEL = "-Owholemodule";
				TARGETED_DEVICE_FAMILY = "1,2";
				VALIDATE_PRODUCT = YES;
			};
			name = Release;
		};
		A655B5871F01FB120017C730 /* Debug */ = {
			isa = XCBuildConfiguration;
			buildSettings = {
				ASSETCATALOG_COMPILER_APPICON_NAME = AppIcon;
				INFOPLIST_FILE = GameFish/Info.plist;
				LD_RUNPATH_SEARCH_PATHS = "$(inherited) @executable_path/Frameworks";
				PRODUCT_BUNDLE_IDENTIFIER = Tung.GameFish;
				PRODUCT_NAME = "$(TARGET_NAME)";
				SWIFT_VERSION = 3.0;
			};
			name = Debug;
		};
		A655B5881F01FB120017C730 /* Release */ = {
			isa = XCBuildConfiguration;
			buildSettings = {
				ASSETCATALOG_COMPILER_APPICON_NAME = AppIcon;
				INFOPLIST_FILE = GameFish/Info.plist;
				LD_RUNPATH_SEARCH_PATHS = "$(inherited) @executable_path/Frameworks";
				PRODUCT_BUNDLE_IDENTIFIER = Tung.GameFish;
				PRODUCT_NAME = "$(TARGET_NAME)";
				SWIFT_VERSION = 3.0;
			};
			name = Release;
		};
/* End XCBuildConfiguration section */

/* Begin XCConfigurationList section */
		A655B56F1F01FB120017C730 /* Build configuration list for PBXProject "GameFish" */ = {
			isa = XCConfigurationList;
			buildConfigurations = (
				A655B5841F01FB120017C730 /* Debug */,
				A655B5851F01FB120017C730 /* Release */,
			);
			defaultConfigurationIsVisible = 0;
			defaultConfigurationName = Release;
		};
		A655B5861F01FB120017C730 /* Build configuration list for PBXNativeTarget "GameFish" */ = {
			isa = XCConfigurationList;
			buildConfigurations = (
				A655B5871F01FB120017C730 /* Debug */,
				A655B5881F01FB120017C730 /* Release */,
			);
			defaultConfigurationIsVisible = 0;
		};
/* End XCConfigurationList section */
	};
	rootObject = A655B56C1F01FB120017C730 /* Project object */;
}
